
Microsoft Visual Studio Solution File, Format Version 12.00
# Visual Studio Version 17
VisualStudioVersion = 17.10.34928.147
MinimumVisualStudioVersion = 10.0.40219.1
Project("{FAE04EC0-301F-11D3-BF4B-00C04F79EFBC}") = "GenerateReport", "GenerateReport\GenerateReport.csproj", "{C57D38DA-F965-4754-B0CF-6002AAB9B8EA}"
EndProject
Global
	GlobalSection(SolutionConfigurationPlatforms) = preSolution
		Debug|Any CPU = Debug|Any CPU
		Release|Any CPU = Release|Any CPU
	EndGlobalSection
	GlobalSection(ProjectConfigurationPlatforms) = postSolution
		{C57D38DA-F965-4754-B0CF-6002AAB9B8EA}.Debug|Any CPU.ActiveCfg = Debug|Any CPU
		{C57D38DA-F965-4754-B0CF-6002AAB9B8EA}.Debug|Any CPU.Build.0 = Debug|Any CPU
		{C57D38DA-F965-4754-B0CF-6002AAB9B8EA}.Release|Any CPU.ActiveCfg = Release|Any CPU
		{C57D38DA-F965-4754-B0CF-6002AAB9B8EA}.Release|Any CPU.Build.0 = Release|Any CPU
	EndGlobalSection
	GlobalSection(SolutionProperties) = preSolution
		HideSolutionNode = FALSE
	EndGlobalSection
	GlobalSection(ExtensibilityGlobals) = postSolution
		SolutionGuid = {F04D712C-9C68-4186-AE00-0AB733E547FE}
	EndGlobalSection
EndGlobal
